{
  "object": {
    "pins": [
      {
        "package": "SwiftUICharts",
        "repositoryURL": "https://github.com/AppPear/ChartView",
        "state": {
          "branch": null,
          "revision": "4699847a9ac0c694666cea3acef133498952566e",
          "version": "1.5.4"
        }
      },
      {
        "package": "LNPopupController",
        "repositoryURL": "https://github.com/LeoNatan/LNPopupController.git",
        "state": {
          "branch": null,
          "revision": "ac46499a33cbae7bcf8a55f01ae0f1a0f62e4390",
          "version": "2.10.24"
        }
      },
      {
        "package": "LNPopupUI",
        "repositoryURL": "https://github.com/LeoNatan/LNPopupUI",
        "state": {
          "branch": null,
          "revision": "69b66a19aef48371d8eaa09b8a50c18e949abcb8",
          "version": "1.2.6"
        }
      },
      {
        "package": "NeumorphismUI",
        "repositoryURL": "https://github.com/iTollMouS/NeumorphismUI",
        "state": {
          "branch": null,
          "revision": "e6d8d6cb283f8189f070c28fe353131acccbf19c",
          "version": "0.4.7"
        }
      },
      {
        "package": "SDWebImage",
        "repositoryURL": "https://github.com/SDWebImage/SDWebImage.git",
        "state": {
          "branch": null,
          "revision": "e857b78ca4c8afe616b794aeb090d40f4e348072",
          "version": "5.10.0"
        }
      },
      {
        "package": "SDWebImageSwiftUI",
        "repositoryURL": "https://github.com/SDWebImage/SDWebImageSwiftUI",
        "state": {
          "branch": null,
          "revision": "4c7f169e39bc35d6b80d42b8eb8301bee9cd0907",
          "version": "1.5.0"
        }
      },
      {
        "package": "Introspect",
        "repositoryURL": "https://github.com/siteline/SwiftUI-Introspect.git",
        "state": {
          "branch": null,
          "revision": "f1ec9da347a7fbe53c520d35434f6c2295650bd5",
          "version": "0.1.1"
        }
      },
      {
        "package": "SwiftUIRefresh",
        "repositoryURL": "https://github.com/timbersoftware/SwiftUIRefresh.git",
        "state": {
          "branch": null,
          "revision": "fa8fac7b5eb5c729983a8bef65f094b5e0d12014",
          "version": "0.0.3"
        }
      }
    ]
  },
  "version": 1
}
